
Microsoft Visual Studio Solution File, Format Version 12.00
# Visual Studio 2013
VisualStudioVersion = 12.0.21005.1
MinimumVisualStudioVersion = 10.0.40219.1
Project("{E24C65DC-7377-472B-9ABA-BC803B73C61A}") = "WebSite5", "http://localhost:59208", "{A131991C-2B13-4201-B4FE-F89AC4512620}"
	ProjectSection(WebsiteProperties) = preProject
		UseIISExpress = "true"
		TargetFrameworkMoniker = ".NETFramework,Version%3Dv4.5"
		ProjectReferences = "{e6965fa4-f713-4264-9dad-6e852f4efed9}|DataHelper1.dll;"
		Debug.AspNetCompiler.VirtualPath = "/localhost_59208"
		Debug.AspNetCompiler.PhysicalPath = "..\..\WebSites\WebSite5\"
		Debug.AspNetCompiler.TargetPath = "PrecompiledWeb\localhost_59208\"
		Debug.AspNetCompiler.Updateable = "true"
		Debug.AspNetCompiler.ForceOverwrite = "true"
		Debug.AspNetCompiler.FixedNames = "false"
		Debug.AspNetCompiler.Debug = "True"
		Release.AspNetCompiler.VirtualPath = "/localhost_59208"
		Release.AspNetCompiler.PhysicalPath = "..\..\WebSites\WebSite5\"
		Release.AspNetCompiler.TargetPath = "PrecompiledWeb\localhost_59208\"
		Release.AspNetCompiler.Updateable = "true"
		Release.AspNetCompiler.ForceOverwrite = "true"
		Release.AspNetCompiler.FixedNames = "false"
		Release.AspNetCompiler.Debug = "False"
		SlnRelativePath = "..\..\WebSites\WebSite5\"
		DefaultWebSiteLanguage = "Visual C#"
	EndProjectSection
EndProject
Project("{FAE04EC0-301F-11D3-BF4B-00C04F79EFBC}") = "DataHelper1", "DataHelper1\DataHelper1.csproj", "{E6965FA4-F713-4264-9DAD-6E852F4EFED9}"
EndProject
Global
	GlobalSection(SolutionConfigurationPlatforms) = preSolution
		Debug|Any CPU = Debug|Any CPU
		Release|Any CPU = Release|Any CPU
	EndGlobalSection
	GlobalSection(ProjectConfigurationPlatforms) = postSolution
		{A131991C-2B13-4201-B4FE-F89AC4512620}.Debug|Any CPU.ActiveCfg = Debug|Any CPU
		{A131991C-2B13-4201-B4FE-F89AC4512620}.Debug|Any CPU.Build.0 = Debug|Any CPU
		{A131991C-2B13-4201-B4FE-F89AC4512620}.Release|Any CPU.ActiveCfg = Debug|Any CPU
		{A131991C-2B13-4201-B4FE-F89AC4512620}.Release|Any CPU.Build.0 = Debug|Any CPU
		{E6965FA4-F713-4264-9DAD-6E852F4EFED9}.Debug|Any CPU.ActiveCfg = Debug|Any CPU
		{E6965FA4-F713-4264-9DAD-6E852F4EFED9}.Debug|Any CPU.Build.0 = Debug|Any CPU
		{E6965FA4-F713-4264-9DAD-6E852F4EFED9}.Release|Any CPU.ActiveCfg = Release|Any CPU
		{E6965FA4-F713-4264-9DAD-6E852F4EFED9}.Release|Any CPU.Build.0 = Release|Any CPU
	EndGlobalSection
	GlobalSection(SolutionProperties) = preSolution
		HideSolutionNode = FALSE
	EndGlobalSection
EndGlobal
